<Solution>
  <Project Path="SQL Server Interactions Demo/SQLServerInteractionsDemo.csproj" />
  <Project Path="SQLServerInteractionsDemo _ClassLibrary/SQLServerInteractionsDemo_ClassLibrary.csproj" />
  <Project Path="SQLServerInteractionsDemo _TestLibrary/SQLServerInteractionsDemo_TestLibrary.csproj" />
</Solution>
