<Solution>
  <Project Path="SQL Server Interactions Demo/SQLServerInteractionsDemo.csproj" />
  <Project Path="SQLServerInteractionsDemo _ClassLibrary/SQLServerInteractionsDemo _ClassLibrary.csproj" />
  <Project Path="SQLServerInteractionsDemo _TestLibrary/SQLServerInteractionsDemo _TestLibrary.csproj" />
</Solution>
